// !$*UTF8*$!
{
	archiveVersion = 1;
	classes = {
	};
	objectVersion = 50;
	objects = {

/* Begin PBXBuildFile section */
		3FD945FB2176654800DAF603 /* AppDelegate.swift in Sources */ = {isa = PBXBuildFile; fileRef = 3FD945FA2176654800DAF603 /* AppDelegate.swift */; };
		3FD945FD2176654800DAF603 /* ViewController.swift in Sources */ = {isa = PBXBuildFile; fileRef = 3FD945FC2176654800DAF603 /* ViewController.swift */; };
		3FD946002176654800DAF603 /* Main.storyboard in Resources */ = {isa = PBXBuildFile; fileRef = 3FD945FE2176654800DAF603 /* Main.storyboard */; };
		3FD946022176654B00DAF603 /* Assets.xcassets in Resources */ = {isa = PBXBuildFile; fileRef = 3FD946012176654B00DAF603 /* Assets.xcassets */; };
		3FD946052176654B00DAF603 /* LaunchScreen.storyboard in Resources */ = {isa = PBXBuildFile; fileRef = 3FD946032176654B00DAF603 /* LaunchScreen.storyboard */; };
		3FD946102176654B00DAF603 /* CanvasTests.swift in Sources */ = {isa = PBXBuildFile; fileRef = 3FD9460F2176654B00DAF603 /* CanvasTests.swift */; };
		3FD9461B2176654B00DAF603 /* CanvasUITests.swift in Sources */ = {isa = PBXBuildFile; fileRef = 3FD9461A2176654B00DAF603 /* CanvasUITests.swift */; };
		3FD94629217665FE00DAF603 /* CanvasViewController.swift in Sources */ = {isa = PBXBuildFile; fileRef = 3FD94628217665FE00DAF603 /* CanvasViewController.swift */; };
/* End PBXBuildFile section */

/* Begin PBXContainerItemProxy section */
		3FD9460C2176654B00DAF603 /* PBXContainerItemProxy */ = {
			isa = PBXContainerItemProxy;
			containerPortal = 3FD945EF2176654800DAF603 /* Project object */;
			proxyType = 1;
			remoteGlobalIDString = 3FD945F62176654800DAF603;
			remoteInfo = Canvas;
		};
		3FD946172176654B00DAF603 /* PBXContainerItemProxy */ = {
			isa = PBXContainerItemProxy;
			containerPortal = 3FD945EF2176654800DAF603 /* Project object */;
			proxyType = 1;
			remoteGlobalIDString = 3FD945F62176654800DAF603;
			remoteInfo = Canvas;
		};
/* End PBXContainerItemProxy section */

/* Begin PBXFileReference section */
		3FD945F72176654800DAF603 /* Canvas.app */ = {isa = PBXFileReference; explicitFileType = wrapper.application; includeInIndex = 0; path = Canvas.app; sourceTree = BUILT_PRODUCTS_DIR; };
		3FD945FA2176654800DAF603 /* AppDelegate.swift */ = {isa = PBXFileReference; lastKnownFileType = sourcecode.swift; path = AppDelegate.swift; sourceTree = "<group>"; };
		3FD945FC2176654800DAF603 /* ViewController.swift */ = {isa = PBXFileReference; lastKnownFileType = sourcecode.swift; path = ViewController.swift; sourceTree = "<group>"; };
		3FD945FF2176654800DAF603 /* Base */ = {isa = PBXFileReference; lastKnownFileType = file.storyboard; name = Base; path = Base.lproj/Main.storyboard; sourceTree = "<group>"; };
		3FD946012176654B00DAF603 /* Assets.xcassets */ = {isa = PBXFileReference; lastKnownFileType = folder.assetcatalog; path = Assets.xcassets; sourceTree = "<group>"; };
		3FD946042176654B00DAF603 /* Base */ = {isa = PBXFileReference; lastKnownFileType = file.storyboard; name = Base; path = Base.lproj/LaunchScreen.storyboard; sourceTree = "<group>"; };
		3FD946062176654B00DAF603 /* Info.plist */ = {isa = PBXFileReference; lastKnownFileType = text.plist.xml; path = Info.plist; sourceTree = "<group>"; };
		3FD9460B2176654B00DAF603 /* CanvasTests.xctest */ = {isa = PBXFileReference; explicitFileType = wrapper.cfbundle; includeInIndex = 0; path = CanvasTests.xctest; sourceTree = BUILT_PRODUCTS_DIR; };
		3FD9460F2176654B00DAF603 /* CanvasTests.swift */ = {isa = PBXFileReference; lastKnownFileType = sourcecode.swift; path = CanvasTests.swift; sourceTree = "<group>"; };
		3FD946112176654B00DAF603 /* Info.plist */ = {isa = PBXFileReference; lastKnownFileType = text.plist.xml; path = Info.plist; sourceTree = "<group>"; };
		3FD946162176654B00DAF603 /* CanvasUITests.xctest */ = {isa = PBXFileReference; explicitFileType = wrapper.cfbundle; includeInIndex = 0; path = CanvasUITests.xctest; sourceTree = BUILT_PRODUCTS_DIR; };
		3FD9461A2176654B00DAF603 /* CanvasUITests.swift */ = {isa = PBXFileReference; lastKnownFileType = sourcecode.swift; path = CanvasUITests.swift; sourceTree = "<group>"; };
		3FD9461C2176654B00DAF603 /* Info.plist */ = {isa = PBXFileReference; lastKnownFileType = text.plist.xml; path = Info.plist; sourceTree = "<group>"; };
		3FD94628217665FE00DAF603 /* CanvasViewController.swift */ = {isa = PBXFileReference; lastKnownFileType = sourcecode.swift; path = CanvasViewController.swift; sourceTree = "<group>"; };
/* End PBXFileReference section */

/* Begin PBXFrameworksBuildPhase section */
		3FD945F42176654800DAF603 /* Frameworks */ = {
			isa = PBXFrameworksBuildPhase;
			buildActionMask = 2147483647;
			files = (
			);
			runOnlyForDeploymentPostprocessing = 0;
		};
		3FD946082176654B00DAF603 /* Frameworks */ = {
			isa = PBXFrameworksBuildPhase;
			buildActionMask = 2147483647;
			files = (
			);
			runOnlyForDeploymentPostprocessing = 0;
		};
		3FD946132176654B00DAF603 /* Frameworks */ = {
			isa = PBXFrameworksBuildPhase;
			buildActionMask = 2147483647;
			files = (
			);
			runOnlyForDeploymentPostprocessing = 0;
		};
/* End PBXFrameworksBuildPhase section */

/* Begin PBXGroup section */
		3FD945EE2176654800DAF603 = {
			isa = PBXGroup;
			children = (
				3FD945F92176654800DAF603 /* Canvas */,
				3FD9460E2176654B00DAF603 /* CanvasTests */,
				3FD946192176654B00DAF603 /* CanvasUITests */,
				3FD945F82176654800DAF603 /* Products */,
			);
			sourceTree = "<group>";
		};
		3FD945F82176654800DAF603 /* Products */ = {
			isa = PBXGroup;
			children = (
				3FD945F72176654800DAF603 /* Canvas.app */,
				3FD9460B2176654B00DAF603 /* CanvasTests.xctest */,
				3FD946162176654B00DAF603 /* CanvasUITests.xctest */,
			);
			name = Products;
			sourceTree = "<group>";
		};
		3FD945F92176654800DAF603 /* Canvas */ = {
			isa = PBXGroup;
			children = (
				3FD945FA2176654800DAF603 /* AppDelegate.swift */,
				3FD945FC2176654800DAF603 /* ViewController.swift */,
				3FD945FE2176654800DAF603 /* Main.storyboard */,
				3FD946012176654B00DAF603 /* Assets.xcassets */,
				3FD946032176654B00DAF603 /* LaunchScreen.storyboard */,
				3FD946062176654B00DAF603 /* Info.plist */,
				3FD94628217665FE00DAF603 /* CanvasViewController.swift */,
			);
			path = Canvas;
			sourceTree = "<group>";
		};
		3FD9460E2176654B00DAF603 /* CanvasTests */ = {
			isa = PBXGroup;
			children = (
				3FD9460F2176654B00DAF603 /* CanvasTests.swift */,
				3FD946112176654B00DAF603 /* Info.plist */,
			);
			path = CanvasTests;
			sourceTree = "<group>";
		};
		3FD946192176654B00DAF603 /* CanvasUITests */ = {
			isa = PBXGroup;
			children = (
				3FD9461A2176654B00DAF603 /* CanvasUITests.swift */,
				3FD9461C2176654B00DAF603 /* Info.plist */,
			);
			path = CanvasUITests;
			sourceTree = "<group>";
		};
/* End PBXGroup section */

/* Begin PBXNativeTarget section */
		3FD945F62176654800DAF603 /* Canvas */ = {
			isa = PBXNativeTarget;
			buildConfigurationList = 3FD9461F2176654B00DAF603 /* Build configuration list for PBXNativeTarget "Canvas" */;
			buildPhases = (
				3FD945F32176654800DAF603 /* Sources */,
				3FD945F42176654800DAF603 /* Frameworks */,
				3FD945F52176654800DAF603 /* Resources */,
			);
			buildRules = (
			);
			dependencies = (
			);
			name = Canvas;
			productName = Canvas;
			productReference = 3FD945F72176654800DAF603 /* Canvas.app */;
			productType = "com.apple.product-type.application";
		};
		3FD9460A2176654B00DAF603 /* CanvasTests */ = {
			isa = PBXNativeTarget;
			buildConfigurationList = 3FD946222176654B00DAF603 /* Build configuration list for PBXNativeTarget "CanvasTests" */;
			buildPhases = (
				3FD946072176654B00DAF603 /* Sources */,
				3FD946082176654B00DAF603 /* Frameworks */,
				3FD946092176654B00DAF603 /* Resources */,
			);
			buildRules = (
			);
			dependencies = (
				3FD9460D2176654B00DAF603 /* PBXTargetDependency */,
			);
			name = CanvasTests;
			productName = CanvasTests;
			productReference = 3FD9460B2176654B00DAF603 /* CanvasTests.xctest */;
			productType = "com.apple.product-type.bundle.unit-test";
		};
		3FD946152176654B00DAF603 /* CanvasUITests */ = {
			isa = PBXNativeTarget;
			buildConfigurationList = 3FD946252176654B00DAF603 /* Build configuration list for PBXNativeTarget "CanvasUITests" */;
			buildPhases = (
				3FD946122176654B00DAF603 /* Sources */,
				3FD946132176654B00DAF603 /* Frameworks */,
				3FD946142176654B00DAF603 /* Resources */,
			);
			buildRules = (
			);
			dependencies = (
				3FD946182176654B00DAF603 /* PBXTargetDependency */,
			);
			name = CanvasUITests;
			productName = CanvasUITests;
			productReference = 3FD946162176654B00DAF603 /* CanvasUITests.xctest */;
			productType = "com.apple.product-type.bundle.ui-testing";
		};
/* End PBXNativeTarget section */

/* Begin PBXProject section */
		3FD945EF2176654800DAF603 /* Project object */ = {
			isa = PBXProject;
			attributes = {
				LastSwiftUpdateCheck = 0940;
				LastUpgradeCheck = 0940;
				ORGANIZATIONNAME = hu;
				TargetAttributes = {
					3FD945F62176654800DAF603 = {
						CreatedOnToolsVersion = 9.4.1;
					};
					3FD9460A2176654B00DAF603 = {
						CreatedOnToolsVersion = 9.4.1;
						TestTargetID = 3FD945F62176654800DAF603;
					};
					3FD946152176654B00DAF603 = {
						CreatedOnToolsVersion = 9.4.1;
						TestTargetID = 3FD945F62176654800DAF603;
					};
				};
			};
			buildConfigurationList = 3FD945F22176654800DAF603 /* Build configuration list for PBXProject "Canvas" */;
			compatibilityVersion = "Xcode 9.3";
			developmentRegion = en;
			hasScannedForEncodings = 0;
			knownRegions = (
				en,
				Base,
			);
			mainGroup = 3FD945EE2176654800DAF603;
			productRefGroup = 3FD945F82176654800DAF603 /* Products */;
			projectDirPath = "";
			projectRoot = "";
			targets = (
				3FD945F62176654800DAF603 /* Canvas */,
				3FD9460A2176654B00DAF603 /* CanvasTests */,
				3FD946152176654B00DAF603 /* CanvasUITests */,
			);
		};
/* End PBXProject section */

/* Begin PBXResourcesBuildPhase section */
		3FD945F52176654800DAF603 /* Resources */ = {
			isa = PBXResourcesBuildPhase;
			buildActionMask = 2147483647;
			files = (
				3FD946052176654B00DAF603 /* LaunchScreen.storyboard in Resources */,
				3FD946022176654B00DAF603 /* Assets.xcassets in Resources */,
				3FD946002176654800DAF603 /* Main.storyboard in Resources */,
			);
			runOnlyForDeploymentPostprocessing = 0;
		};
		3FD946092176654B00DAF603 /* Resources */ = {
			isa = PBXResourcesBuildPhase;
			buildActionMask = 2147483647;
			files = (
			);
			runOnlyForDeploymentPostprocessing = 0;
		};
		3FD946142176654B00DAF603 /* Resources */ = {
			isa = PBXResourcesBuildPhase;
			buildActionMask = 2147483647;
			files = (
			);
			runOnlyForDeploymentPostprocessing = 0;
		};
/* End PBXResourcesBuildPhase section */

/* Begin PBXSourcesBuildPhase section */
		3FD945F32176654800DAF603 /* Sources */ = {
			isa = PBXSourcesBuildPhase;
			buildActionMask = 2147483647;
			files = (
				3FD945FD2176654800DAF603 /* ViewController.swift in Sources */,
				3FD94629217665FE00DAF603 /* CanvasViewController.swift in Sources */,
				3FD945FB2176654800DAF603 /* AppDelegate.swift in Sources */,
			);
			runOnlyForDeploymentPostprocessing = 0;
		};
		3FD946072176654B00DAF603 /* Sources */ = {
			isa = PBXSourcesBuildPhase;
			buildActionMask = 2147483647;
			files = (
				3FD946102176654B00DAF603 /* CanvasTests.swift in Sources */,
			);
			runOnlyForDeploymentPostprocessing = 0;
		};
		3FD946122176654B00DAF603 /* Sources */ = {
			isa = PBXSourcesBuildPhase;
			buildActionMask = 2147483647;
			files = (
				3FD9461B2176654B00DAF603 /* CanvasUITests.swift in Sources */,
			);
			runOnlyForDeploymentPostprocessing = 0;
		};
/* End PBXSourcesBuildPhase section */

/* Begin PBXTargetDependency section */
		3FD9460D2176654B00DAF603 /* PBXTargetDependency */ = {
			isa = PBXTargetDependency;
			target = 3FD945F62176654800DAF603 /* Canvas */;
			targetProxy = 3FD9460C2176654B00DAF603 /* PBXContainerItemProxy */;
		};
		3FD946182176654B00DAF603 /* PBXTargetDependency */ = {
			isa = PBXTargetDependency;
			target = 3FD945F62176654800DAF603 /* Canvas */;
			targetProxy = 3FD946172176654B00DAF603 /* PBXContainerItemProxy */;
		};
/* End PBXTargetDependency section */

/* Begin PBXVariantGroup section */
		3FD945FE2176654800DAF603 /* Main.storyboard */ = {
			isa = PBXVariantGroup;
			children = (
				3FD945FF2176654800DAF603 /* Base */,
			);
			name = Main.storyboard;
			sourceTree = "<group>";
		};
		3FD946032176654B00DAF603 /* LaunchScreen.storyboard */ = {
			isa = PBXVariantGroup;
			children = (
				3FD946042176654B00DAF603 /* Base */,
			);
			name = LaunchScreen.storyboard;
			sourceTree = "<group>";
		};
/* End PBXVariantGroup section */

/* Begin XCBuildConfiguration section */
		3FD9461D2176654B00DAF603 /* Debug */ = {
			isa = XCBuildConfiguration;
			buildSettings = {
				ALWAYS_SEARCH_USER_PATHS = NO;
				CLANG_ANALYZER_NONNULL = YES;
				CLANG_ANALYZER_NUMBER_OBJECT_CONVERSION = YES_AGGRESSIVE;
				CLANG_CXX_LANGUAGE_STANDARD = "gnu++14";
				CLANG_CXX_LIBRARY = "libc++";
				CLANG_ENABLE_MODULES = YES;
				CLANG_ENABLE_OBJC_ARC = YES;
				CLANG_ENABLE_OBJC_WEAK = YES;
				CLANG_WARN_BLOCK_CAPTURE_AUTORELEASING = YES;
				CLANG_WARN_BOOL_CONVERSION = YES;
				CLANG_WARN_COMMA = YES;
				CLANG_WARN_CONSTANT_CONVERSION = YES;
				CLANG_WARN_DEPRECATED_OBJC_IMPLEMENTATIONS = YES;
				CLANG_WARN_DIRECT_OBJC_ISA_USAGE = YES_ERROR;
				CLANG_WARN_DOCUMENTATION_COMMENTS = YES;
				CLANG_WARN_EMPTY_BODY = YES;
				CLANG_WARN_ENUM_CONVERSION = YES;
				CLANG_WARN_INFINITE_RECURSION = YES;
				CLANG_WARN_INT_CONVERSION = YES;
				CLANG_WARN_NON_LITERAL_NULL_CONVERSION = YES;
				CLANG_WARN_OBJC_IMPLICIT_RETAIN_SELF = YES;
				CLANG_WARN_OBJC_LITERAL_CONVERSION = YES;
				CLANG_WARN_OBJC_ROOT_CLASS = YES_ERROR;
				CLANG_WARN_RANGE_LOOP_ANALYSIS = YES;
				CLANG_WARN_STRICT_PROTOTYPES = YES;
				CLANG_WARN_SUSPICIOUS_MOVE = YES;
				CLANG_WARN_UNGUARDED_AVAILABILITY = YES_AGGRESSIVE;
				CLANG_WARN_UNREACHABLE_CODE = YES;
				CLANG_WARN__DUPLICATE_METHOD_MATCH = YES;
				CODE_SIGN_IDENTITY = "iPhone Developer";
				COPY_PHASE_STRIP = NO;
				DEBUG_INFORMATION_FORMAT = dwarf;
				ENABLE_STRICT_OBJC_MSGSEND = YES;
				ENABLE_TESTABILITY = YES;
				GCC_C_LANGUAGE_STANDARD = gnu11;
				GCC_DYNAMIC_NO_PIC = NO;
				GCC_NO_COMMON_BLOCKS = YES;
				GCC_OPTIMIZATION_LEVEL = 0;
				GCC_PREPROCESSOR_DEFINITIONS = (
					"DEBUG=1",
					"$(inherited)",
				);
				GCC_WARN_64_TO_32_BIT_CONVERSION = YES;
				GCC_WARN_ABOUT_RETURN_TYPE = YES_ERROR;
				GCC_WARN_UNDECLARED_SELECTOR = YES;
				GCC_WARN_UNINITIALIZED_AUTOS = YES_AGGRESSIVE;
				GCC_WARN_UNUSED_FUNCTION = YES;
				GCC_WARN_UNUSED_VARIABLE = YES;
				IPHONEOS_DEPLOYMENT_TARGET = 11.4;
				MTL_ENABLE_DEBUG_INFO = YES;
				ONLY_ACTIVE_ARCH = YES;
				SDKROOT = iphoneos;
				SWIFT_ACTIVE_COMPILATION_CONDITIONS = DEBUG;
				SWIFT_OPTIMIZATION_LEVEL = "-Onone";
			};
			name = Debug;
		};
		3FD9461E2176654B00DAF603 /* Release */ = {
			isa = XCBuildConfiguration;
			buildSettings = {
				ALWAYS_SEARCH_USER_PATHS = NO;
				CLANG_ANALYZER_NONNULL = YES;
				CLANG_ANALYZER_NUMBER_OBJECT_CONVERSION = YES_AGGRESSIVE;
				CLANG_CXX_LANGUAGE_STANDARD = "gnu++14";
				CLANG_CXX_LIBRARY = "libc++";
				CLANG_ENABLE_MODULES = YES;
				CLANG_ENABLE_OBJC_ARC = YES;
				CLANG_ENABLE_OBJC_WEAK = YES;
				CLANG_WARN_BLOCK_CAPTURE_AUTORELEASING = YES;
				CLANG_WARN_BOOL_CONVERSION = YES;
				CLANG_WARN_COMMA = YES;
				CLANG_WARN_CONSTANT_CONVERSION = YES;
				CLANG_WARN_DEPRECATED_OBJC_IMPLEMENTATIONS = YES;
				CLANG_WARN_DIRECT_OBJC_ISA_USAGE = YES_ERROR;
				CLANG_WARN_DOCUMENTATION_COMMENTS = YES;
				CLANG_WARN_EMPTY_BODY = YES;
				CLANG_WARN_ENUM_CONVERSION = YES;
				CLANG_WARN_INFINITE_RECURSION = YES;
				CLANG_WARN_INT_CONVERSION = YES;
				CLANG_WARN_NON_LITERAL_NULL_CONVERSION = YES;
				CLANG_WARN_OBJC_IMPLICIT_RETAIN_SELF = YES;
				CLANG_WARN_OBJC_LITERAL_CONVERSION = YES;
				CLANG_WARN_OBJC_ROOT_CLASS = YES_ERROR;
				CLANG_WARN_RANGE_LOOP_ANALYSIS = YES;
				CLANG_WARN_STRICT_PROTOTYPES = YES;
				CLANG_WARN_SUSPICIOUS_MOVE = YES;
				CLANG_WARN_UNGUARDED_AVAILABILITY = YES_AGGRESSIVE;
				CLANG_WARN_UNREACHABLE_CODE = YES;
				CLANG_WARN__DUPLICATE_METHOD_MATCH = YES;
				CODE_SIGN_IDENTITY = "iPhone Developer";
				COPY_PHASE_STRIP = NO;
				DEBUG_INFORMATION_FORMAT = "dwarf-with-dsym";
				ENABLE_NS_ASSERTIONS = NO;
				ENABLE_STRICT_OBJC_MSGSEND = YES;
				GCC_C_LANGUAGE_STANDARD = gnu11;
				GCC_NO_COMMON_BLOCKS = YES;
				GCC_WARN_64_TO_32_BIT_CONVERSION = YES;
				GCC_WARN_ABOUT_RETURN_TYPE = YES_ERROR;
				GCC_WARN_UNDECLARED_SELECTOR = YES;
				GCC_WARN_UNINITIALIZED_AUTOS = YES_AGGRESSIVE;
				GCC_WARN_UNUSED_FUNCTION = YES;
				GCC_WARN_UNUSED_VARIABLE = YES;
				IPHONEOS_DEPLOYMENT_TARGET = 11.4;
				MTL_ENABLE_DEBUG_INFO = NO;
				SDKROOT = iphoneos;
				SWIFT_COMPILATION_MODE = wholemodule;
				SWIFT_OPTIMIZATION_LEVEL = "-O";
				VALIDATE_PRODUCT = YES;
			};
			name = Release;
		};
		3FD946202176654B00DAF603 /* Debug */ = {
			isa = XCBuildConfiguration;
			buildSettings = {
				ASSETCATALOG_COMPILER_APPICON_NAME = AppIcon;
				CODE_SIGN_STYLE = Automatic;
				INFOPLIST_FILE = Canvas/Info.plist;
				LD_RUNPATH_SEARCH_PATHS = (
					"$(inherited)",
					"@executable_path/Frameworks",
				);
				PRODUCT_BUNDLE_IDENTIFIER = hu.Canvas;
				PRODUCT_NAME = "$(TARGET_NAME)";
				SWIFT_VERSION = 4.0;
				TARGETED_DEVICE_FAMILY = "1,2";
			};
			name = Debug;
		};
		3FD946212176654B00DAF603 /* Release */ = {
			isa = XCBuildConfiguration;
			buildSettings = {
				ASSETCATALOG_COMPILER_APPICON_NAME = AppIcon;
				CODE_SIGN_STYLE = Automatic;
				INFOPLIST_FILE = Canvas/Info.plist;
				LD_RUNPATH_SEARCH_PATHS = (
					"$(inherited)",
					"@executable_path/Frameworks",
				);
				PRODUCT_BUNDLE_IDENTIFIER = hu.Canvas;
				PRODUCT_NAME = "$(TARGET_NAME)";
				SWIFT_VERSION = 4.0;
				TARGETED_DEVICE_FAMILY = "1,2";
			};
			name = Release;
		};
		3FD946232176654B00DAF603 /* Debug */ = {
			isa = XCBuildConfiguration;
			buildSettings = {
				ALWAYS_EMBED_SWIFT_STANDARD_LIBRARIES = YES;
				BUNDLE_LOADER = "$(TEST_HOST)";
				CODE_SIGN_STYLE = Automatic;
				INFOPLIST_FILE = CanvasTests/Info.plist;
				LD_RUNPATH_SEARCH_PATHS = (
					"$(inherited)",
					"@executable_path/Frameworks",
					"@loader_path/Frameworks",
				);
				PRODUCT_BUNDLE_IDENTIFIER = hu.CanvasTests;
				PRODUCT_NAME = "$(TARGET_NAME)";
				SWIFT_VERSION = 4.0;
				TARGETED_DEVICE_FAMILY = "1,2";
				TEST_HOST = "$(BUILT_PRODUCTS_DIR)/Canvas.app/Canvas";
			};
			name = Debug;
		};
		3FD946242176654B00DAF603 /* Release */ = {
			isa = XCBuildConfiguration;
			buildSettings = {
				ALWAYS_EMBED_SWIFT_STANDARD_LIBRARIES = YES;
				BUNDLE_LOADER = "$(TEST_HOST)";
				CODE_SIGN_STYLE = Automatic;
				INFOPLIST_FILE = CanvasTests/Info.plist;
				LD_RUNPATH_SEARCH_PATHS = (
					"$(inherited)",
					"@executable_path/Frameworks",
					"@loader_path/Frameworks",
				);
				PRODUCT_BUNDLE_IDENTIFIER = hu.CanvasTests;
				PRODUCT_NAME = "$(TARGET_NAME)";
				SWIFT_VERSION = 4.0;
				TARGETED_DEVICE_FAMILY = "1,2";
				TEST_HOST = "$(BUILT_PRODUCTS_DIR)/Canvas.app/Canvas";
			};
			name = Release;
		};
		3FD946262176654B00DAF603 /* Debug */ = {
			isa = XCBuildConfiguration;
			buildSettings = {
				ALWAYS_EMBED_SWIFT_STANDARD_LIBRARIES = YES;
				CODE_SIGN_STYLE = Automatic;
				INFOPLIST_FILE = CanvasUITests/Info.plist;
				LD_RUNPATH_SEARCH_PATHS = (
					"$(inherited)",
					"@executable_path/Frameworks",
					"@loader_path/Frameworks",
				);
				PRODUCT_BUNDLE_IDENTIFIER = hu.CanvasUITests;
				PRODUCT_NAME = "$(TARGET_NAME)";
				SWIFT_VERSION = 4.0;
				TARGETED_DEVICE_FAMILY = "1,2";
				TEST_TARGET_NAME = Canvas;
			};
			name = Debug;
		};
		3FD946272176654B00DAF603 /* Release */ = {
			isa = XCBuildConfiguration;
			buildSettings = {
				ALWAYS_EMBED_SWIFT_STANDARD_LIBRARIES = YES;
				CODE_SIGN_STYLE = Automatic;
				INFOPLIST_FILE = CanvasUITests/Info.plist;
				LD_RUNPATH_SEARCH_PATHS = (
					"$(inherited)",
					"@executable_path/Frameworks",
					"@loader_path/Frameworks",
				);
				PRODUCT_BUNDLE_IDENTIFIER = hu.CanvasUITests;
				PRODUCT_NAME = "$(TARGET_NAME)";
				SWIFT_VERSION = 4.0;
				TARGETED_DEVICE_FAMILY = "1,2";
				TEST_TARGET_NAME = Canvas;
			};
			name = Release;
		};
/* End XCBuildConfiguration section */

/* Begin XCConfigurationList section */
		3FD945F22176654800DAF603 /* Build configuration list for PBXProject "Canvas" */ = {
			isa = XCConfigurationList;
			buildConfigurations = (
				3FD9461D2176654B00DAF603 /* Debug */,
				3FD9461E2176654B00DAF603 /* Release */,
			);
			defaultConfigurationIsVisible = 0;
			defaultConfigurationName = Release;
		};
		3FD9461F2176654B00DAF603 /* Build configuration list for PBXNativeTarget "Canvas" */ = {
			isa = XCConfigurationList;
			buildConfigurations = (
				3FD946202176654B00DAF603 /* Debug */,
				3FD946212176654B00DAF603 /* Release */,
			);
			defaultConfigurationIsVisible = 0;
			defaultConfigurationName = Release;
		};
		3FD946222176654B00DAF603 /* Build configuration list for PBXNativeTarget "CanvasTests" */ = {
			isa = XCConfigurationList;
			buildConfigurations = (
				3FD946232176654B00DAF603 /* Debug */,
				3FD946242176654B00DAF603 /* Release */,
			);
			defaultConfigurationIsVisible = 0;
			defaultConfigurationName = Release;
		};
		3FD946252176654B00DAF603 /* Build configuration list for PBXNativeTarget "CanvasUITests" */ = {
			isa = XCConfigurationList;
			buildConfigurations = (
				3FD946262176654B00DAF603 /* Debug */,
				3FD946272176654B00DAF603 /* Release */,
			);
			defaultConfigurationIsVisible = 0;
			defaultConfigurationName = Release;
		};
/* End XCConfigurationList section */
	};
	rootObject = 3FD945EF2176654800DAF603 /* Project object */;
}
